
Microsoft Visual Studio Solution File, Format Version 12.00
# Visual Studio Express 2012 for Windows Desktop
Project("{FAE04EC0-301F-11D3-BF4B-00C04F79EFBC}") = "hose", "hose\hose.csproj", "{6DC4C9DB-E300-4669-BD42-8F0A1CDB2A60}"
EndProject
Global
	GlobalSection(SolutionConfigurationPlatforms) = preSolution
		Debug|Any CPU = Debug|Any CPU
		Release|Any CPU = Release|Any CPU
	EndGlobalSection
	GlobalSection(ProjectConfigurationPlatforms) = postSolution
		{6DC4C9DB-E300-4669-BD42-8F0A1CDB2A60}.Debug|Any CPU.ActiveCfg = Debug|Any CPU
		{6DC4C9DB-E300-4669-BD42-8F0A1CDB2A60}.Debug|Any CPU.Build.0 = Debug|Any CPU
		{6DC4C9DB-E300-4669-BD42-8F0A1CDB2A60}.Release|Any CPU.ActiveCfg = Release|Any CPU
		{6DC4C9DB-E300-4669-BD42-8F0A1CDB2A60}.Release|Any CPU.Build.0 = Release|Any CPU
	EndGlobalSection
	GlobalSection(SolutionProperties) = preSolution
		HideSolutionNode = FALSE
	EndGlobalSection
EndGlobal
